// !$*UTF8*$!
{
	archiveVersion = 1;
	classes = {
	};
	objectVersion = 48;
	objects = {

/* Begin PBXBuildFile section */
		B215099B206F83E00058C73A /* AppDelegate.swift in Sources */ = {isa = PBXBuildFile; fileRef = B215099A206F83E00058C73A /* AppDelegate.swift */; };
		B215099D206F83E00058C73A /* ViewController.swift in Sources */ = {isa = PBXBuildFile; fileRef = B215099C206F83E00058C73A /* ViewController.swift */; };
		B21509A0206F83E00058C73A /* Main.storyboard in Resources */ = {isa = PBXBuildFile; fileRef = B215099E206F83E00058C73A /* Main.storyboard */; };
		B21509A2206F83E00058C73A /* Assets.xcassets in Resources */ = {isa = PBXBuildFile; fileRef = B21509A1206F83E00058C73A /* Assets.xcassets */; };
		B21509A5206F83E00058C73A /* LaunchScreen.storyboard in Resources */ = {isa = PBXBuildFile; fileRef = B21509A3206F83E00058C73A /* LaunchScreen.storyboard */; };
		B21509B3206F83EB0058C73A /* AppDelegate.swift in Sources */ = {isa = PBXBuildFile; fileRef = B21509B2206F83EB0058C73A /* AppDelegate.swift */; };
		B21509B8206F83EB0058C73A /* Main.storyboard in Resources */ = {isa = PBXBuildFile; fileRef = B21509B6206F83EB0058C73A /* Main.storyboard */; };
		B21509BA206F83EB0058C73A /* Assets.xcassets in Resources */ = {isa = PBXBuildFile; fileRef = B21509B9206F83EB0058C73A /* Assets.xcassets */; };
		B21509BD206F83EB0058C73A /* LaunchScreen.storyboard in Resources */ = {isa = PBXBuildFile; fileRef = B21509BB206F83EB0058C73A /* LaunchScreen.storyboard */; };
		B21509C5206F888C0058C73A /* GithubKit.framework in Frameworks */ = {isa = PBXBuildFile; fileRef = B21509C3206F888C0058C73A /* GithubKit.framework */; };
		B21509C6206F888C0058C73A /* NoticeObserveKit.framework in Frameworks */ = {isa = PBXBuildFile; fileRef = B21509C4206F888C0058C73A /* NoticeObserveKit.framework */; };
		B21509CE206F92A80058C73A /* FavoriteViewController.swift in Sources */ = {isa = PBXBuildFile; fileRef = B21509CD206F92A80058C73A /* FavoriteViewController.swift */; };
		B21509D0206F92B80058C73A /* FavoriteViewPresenter.swift in Sources */ = {isa = PBXBuildFile; fileRef = B21509CF206F92B80058C73A /* FavoriteViewPresenter.swift */; };
		B21509D2206F92C80058C73A /* FavoriteViewDataSource.swift in Sources */ = {isa = PBXBuildFile; fileRef = B21509D1206F92C80058C73A /* FavoriteViewDataSource.swift */; };
		B21509D5206FE6960058C73A /* RepositoryViewController.swift in Sources */ = {isa = PBXBuildFile; fileRef = B21509D4206FE6960058C73A /* RepositoryViewController.swift */; };
		B21509D7206FE6A70058C73A /* RepositoryViewPresenter.swift in Sources */ = {isa = PBXBuildFile; fileRef = B21509D6206FE6A70058C73A /* RepositoryViewPresenter.swift */; };
		B21509DA206FF4D20058C73A /* APISession+extension.swift in Sources */ = {isa = PBXBuildFile; fileRef = B21509D9206FF4D20058C73A /* APISession+extension.swift */; };
		B21509DC206FF56C0058C73A /* NSObjectProtocol+extension.swift in Sources */ = {isa = PBXBuildFile; fileRef = B21509DB206FF56C0058C73A /* NSObjectProtocol+extension.swift */; };
		B21509DF2070A3B90058C73A /* SearchViewController.swift in Sources */ = {isa = PBXBuildFile; fileRef = B21509DE2070A3B80058C73A /* SearchViewController.swift */; };
		B21509E12070A3CC0058C73A /* SearchViewPresenter.swift in Sources */ = {isa = PBXBuildFile; fileRef = B21509E02070A3CC0058C73A /* SearchViewPresenter.swift */; };
		B21509E42070A7A40058C73A /* UIKeyboardInfo.swift in Sources */ = {isa = PBXBuildFile; fileRef = B21509E32070A7A40058C73A /* UIKeyboardInfo.swift */; };
		B21509E62070A7D70058C73A /* UIKeyboardWillHide.swift in Sources */ = {isa = PBXBuildFile; fileRef = B21509E52070A7D70058C73A /* UIKeyboardWillHide.swift */; };
		B21509E82070A7EC0058C73A /* UIKeyboardWillShow.swift in Sources */ = {isa = PBXBuildFile; fileRef = B21509E72070A7EC0058C73A /* UIKeyboardWillShow.swift */; };
		B21509EA2070B2120058C73A /* SearchViewDataSource.swift in Sources */ = {isa = PBXBuildFile; fileRef = B21509E92070B2120058C73A /* SearchViewDataSource.swift */; };
		B21509ED207201E80058C73A /* LoadingView.xib in Resources */ = {isa = PBXBuildFile; fileRef = B21509EC207201E80058C73A /* LoadingView.xib */; };
		B21509EF207202390058C73A /* LoadingView.swift in Sources */ = {isa = PBXBuildFile; fileRef = B21509EE207202390058C73A /* LoadingView.swift */; };
		B21509F2207299000058C73A /* UserRepositoryViewController.swift in Sources */ = {isa = PBXBuildFile; fileRef = B21509F1207299000058C73A /* UserRepositoryViewController.swift */; };
		B21509F6207667B30058C73A /* UserRepositoryViewController.xib in Resources */ = {isa = PBXBuildFile; fileRef = B21509F5207667B30058C73A /* UserRepositoryViewController.xib */; };
		B21509F820766A230058C73A /* UserRepositoryViewPresenter.swift in Sources */ = {isa = PBXBuildFile; fileRef = B21509F720766A230058C73A /* UserRepositoryViewPresenter.swift */; };
		B21509FA207677CC0058C73A /* UserRepositoryViewDataSource.swift in Sources */ = {isa = PBXBuildFile; fileRef = B21509F9207677CC0058C73A /* UserRepositoryViewDataSource.swift */; };
		B2AE7CAB207A43FE0084DAB0 /* SwiftIconFont.framework in Frameworks */ = {isa = PBXBuildFile; fileRef = B2AE7CA8207A43FE0084DAB0 /* SwiftIconFont.framework */; };
		B2AE7CAC207A43FE0084DAB0 /* Nuke.framework in Frameworks */ = {isa = PBXBuildFile; fileRef = B2AE7CA9207A43FE0084DAB0 /* Nuke.framework */; };
		B2AE7CAD207A43FE0084DAB0 /* RxSwift.framework in Frameworks */ = {isa = PBXBuildFile; fileRef = B2AE7CAA207A43FE0084DAB0 /* RxSwift.framework */; };
		B2AE7CB1207A453B0084DAB0 /* SafariServices.framework in Frameworks */ = {isa = PBXBuildFile; fileRef = B2AE7CB0207A453B0084DAB0 /* SafariServices.framework */; };
		B2F3AB9B207A52A000AFC4B0 /* AppDelegate.swift in Sources */ = {isa = PBXBuildFile; fileRef = B2F3AB9A207A52A000AFC4B0 /* AppDelegate.swift */; };
		B2F3ABA0207A52A000AFC4B0 /* Main.storyboard in Resources */ = {isa = PBXBuildFile; fileRef = B2F3AB9E207A52A000AFC4B0 /* Main.storyboard */; };
		B2F3ABA2207A52A100AFC4B0 /* Assets.xcassets in Resources */ = {isa = PBXBuildFile; fileRef = B2F3ABA1207A52A100AFC4B0 /* Assets.xcassets */; };
		B2F3ABA5207A52A100AFC4B0 /* LaunchScreen.storyboard in Resources */ = {isa = PBXBuildFile; fileRef = B2F3ABA3207A52A100AFC4B0 /* LaunchScreen.storyboard */; };
		B2F3ABAA207A52BB00AFC4B0 /* GithubKit.framework in Frameworks */ = {isa = PBXBuildFile; fileRef = B21509C3206F888C0058C73A /* GithubKit.framework */; };
		B2F3ABAB207A52BB00AFC4B0 /* NoticeObserveKit.framework in Frameworks */ = {isa = PBXBuildFile; fileRef = B21509C4206F888C0058C73A /* NoticeObserveKit.framework */; };
		B2F3ABAC207A52BB00AFC4B0 /* Nuke.framework in Frameworks */ = {isa = PBXBuildFile; fileRef = B2AE7CA9207A43FE0084DAB0 /* Nuke.framework */; };
		B2F3ABAD207A52BB00AFC4B0 /* RxSwift.framework in Frameworks */ = {isa = PBXBuildFile; fileRef = B2AE7CAA207A43FE0084DAB0 /* RxSwift.framework */; };
		B2F3ABAE207A52BB00AFC4B0 /* SwiftIconFont.framework in Frameworks */ = {isa = PBXBuildFile; fileRef = B2AE7CA8207A43FE0084DAB0 /* SwiftIconFont.framework */; };
		B2F3ABAF207A52C600AFC4B0 /* SafariServices.framework in Frameworks */ = {isa = PBXBuildFile; fileRef = B2AE7CB0207A453B0084DAB0 /* SafariServices.framework */; };
		B2F3ABB3207A539B00AFC4B0 /* Info.plist in Resources */ = {isa = PBXBuildFile; fileRef = B2F3ABA6207A52A100AFC4B0 /* Info.plist */; };
		B2F3ABB9207A546D00AFC4B0 /* APISession+extension.swift in Sources */ = {isa = PBXBuildFile; fileRef = B2F3ABB8207A546D00AFC4B0 /* APISession+extension.swift */; };
		B2F3ABBB207A552200AFC4B0 /* NSObjectProtocol+extension.swift in Sources */ = {isa = PBXBuildFile; fileRef = B2F3ABBA207A552200AFC4B0 /* NSObjectProtocol+extension.swift */; };
		B2F3ABBD207A554700AFC4B0 /* UIKeyboardInfo.swift in Sources */ = {isa = PBXBuildFile; fileRef = B2F3ABBC207A554700AFC4B0 /* UIKeyboardInfo.swift */; };
		B2F3ABBF207A555D00AFC4B0 /* UIKeyboardWillHide.swift in Sources */ = {isa = PBXBuildFile; fileRef = B2F3ABBE207A555D00AFC4B0 /* UIKeyboardWillHide.swift */; };
		B2F3ABC1207A557400AFC4B0 /* UIKeyboardWillShow.swift in Sources */ = {isa = PBXBuildFile; fileRef = B2F3ABC0207A557400AFC4B0 /* UIKeyboardWillShow.swift */; };
/* End PBXBuildFile section */

/* Begin PBXFileReference section */
		B2150997206F83E00058C73A /* iOS-DesignPattrn-Prac.app */ = {isa = PBXFileReference; explicitFileType = wrapper.application; includeInIndex = 0; path = "iOS-DesignPattrn-Prac.app"; sourceTree = BUILT_PRODUCTS_DIR; };
		B215099A206F83E00058C73A /* AppDelegate.swift */ = {isa = PBXFileReference; lastKnownFileType = sourcecode.swift; path = AppDelegate.swift; sourceTree = "<group>"; };
		B215099C206F83E00058C73A /* ViewController.swift */ = {isa = PBXFileReference; lastKnownFileType = sourcecode.swift; path = ViewController.swift; sourceTree = "<group>"; };
		B215099F206F83E00058C73A /* Base */ = {isa = PBXFileReference; lastKnownFileType = file.storyboard; name = Base; path = Base.lproj/Main.storyboard; sourceTree = "<group>"; };
		B21509A1206F83E00058C73A /* Assets.xcassets */ = {isa = PBXFileReference; lastKnownFileType = folder.assetcatalog; path = Assets.xcassets; sourceTree = "<group>"; };
		B21509A4206F83E00058C73A /* Base */ = {isa = PBXFileReference; lastKnownFileType = file.storyboard; name = Base; path = Base.lproj/LaunchScreen.storyboard; sourceTree = "<group>"; };
		B21509A6206F83E00058C73A /* Info.plist */ = {isa = PBXFileReference; lastKnownFileType = text.plist.xml; path = Info.plist; sourceTree = "<group>"; };
		B21509B0206F83EB0058C73A /* MVP.app */ = {isa = PBXFileReference; explicitFileType = wrapper.application; includeInIndex = 0; path = MVP.app; sourceTree = BUILT_PRODUCTS_DIR; };
		B21509B2206F83EB0058C73A /* AppDelegate.swift */ = {isa = PBXFileReference; lastKnownFileType = sourcecode.swift; path = AppDelegate.swift; sourceTree = "<group>"; };
		B21509B7206F83EB0058C73A /* Base */ = {isa = PBXFileReference; lastKnownFileType = file.storyboard; name = Base; path = Base.lproj/Main.storyboard; sourceTree = "<group>"; };
		B21509B9206F83EB0058C73A /* Assets.xcassets */ = {isa = PBXFileReference; lastKnownFileType = folder.assetcatalog; path = Assets.xcassets; sourceTree = "<group>"; };
		B21509BC206F83EB0058C73A /* Base */ = {isa = PBXFileReference; lastKnownFileType = file.storyboard; name = Base; path = Base.lproj/LaunchScreen.storyboard; sourceTree = "<group>"; };
		B21509BE206F83EB0058C73A /* Info.plist */ = {isa = PBXFileReference; lastKnownFileType = text.plist.xml; path = Info.plist; sourceTree = "<group>"; };
		B21509C3206F888C0058C73A /* GithubKit.framework */ = {isa = PBXFileReference; lastKnownFileType = wrapper.framework; name = GithubKit.framework; path = Carthage/Build/iOS/GithubKit.framework; sourceTree = "<group>"; };
		B21509C4206F888C0058C73A /* NoticeObserveKit.framework */ = {isa = PBXFileReference; lastKnownFileType = wrapper.framework; name = NoticeObserveKit.framework; path = Carthage/Build/iOS/NoticeObserveKit.framework; sourceTree = "<group>"; };
		B21509CD206F92A80058C73A /* FavoriteViewController.swift */ = {isa = PBXFileReference; lastKnownFileType = sourcecode.swift; path = FavoriteViewController.swift; sourceTree = "<group>"; };
		B21509CF206F92B80058C73A /* FavoriteViewPresenter.swift */ = {isa = PBXFileReference; lastKnownFileType = sourcecode.swift; path = FavoriteViewPresenter.swift; sourceTree = "<group>"; };
		B21509D1206F92C80058C73A /* FavoriteViewDataSource.swift */ = {isa = PBXFileReference; lastKnownFileType = sourcecode.swift; path = FavoriteViewDataSource.swift; sourceTree = "<group>"; };
		B21509D4206FE6960058C73A /* RepositoryViewController.swift */ = {isa = PBXFileReference; lastKnownFileType = sourcecode.swift; path = RepositoryViewController.swift; sourceTree = "<group>"; };
		B21509D6206FE6A70058C73A /* RepositoryViewPresenter.swift */ = {isa = PBXFileReference; lastKnownFileType = sourcecode.swift; path = RepositoryViewPresenter.swift; sourceTree = "<group>"; };
		B21509D9206FF4D20058C73A /* APISession+extension.swift */ = {isa = PBXFileReference; lastKnownFileType = sourcecode.swift; path = "APISession+extension.swift"; sourceTree = "<group>"; };
		B21509DB206FF56C0058C73A /* NSObjectProtocol+extension.swift */ = {isa = PBXFileReference; lastKnownFileType = sourcecode.swift; path = "NSObjectProtocol+extension.swift"; sourceTree = "<group>"; };
		B21509DE2070A3B80058C73A /* SearchViewController.swift */ = {isa = PBXFileReference; lastKnownFileType = sourcecode.swift; path = SearchViewController.swift; sourceTree = "<group>"; };
		B21509E02070A3CC0058C73A /* SearchViewPresenter.swift */ = {isa = PBXFileReference; lastKnownFileType = sourcecode.swift; path = SearchViewPresenter.swift; sourceTree = "<group>"; };
		B21509E32070A7A40058C73A /* UIKeyboardInfo.swift */ = {isa = PBXFileReference; lastKnownFileType = sourcecode.swift; path = UIKeyboardInfo.swift; sourceTree = "<group>"; };
		B21509E52070A7D70058C73A /* UIKeyboardWillHide.swift */ = {isa = PBXFileReference; lastKnownFileType = sourcecode.swift; path = UIKeyboardWillHide.swift; sourceTree = "<group>"; };
		B21509E72070A7EC0058C73A /* UIKeyboardWillShow.swift */ = {isa = PBXFileReference; lastKnownFileType = sourcecode.swift; path = UIKeyboardWillShow.swift; sourceTree = "<group>"; };
		B21509E92070B2120058C73A /* SearchViewDataSource.swift */ = {isa = PBXFileReference; lastKnownFileType = sourcecode.swift; path = SearchViewDataSource.swift; sourceTree = "<group>"; };
		B21509EC207201E80058C73A /* LoadingView.xib */ = {isa = PBXFileReference; lastKnownFileType = file.xib; path = LoadingView.xib; sourceTree = "<group>"; };
		B21509EE207202390058C73A /* LoadingView.swift */ = {isa = PBXFileReference; lastKnownFileType = sourcecode.swift; path = LoadingView.swift; sourceTree = "<group>"; };
		B21509F1207299000058C73A /* UserRepositoryViewController.swift */ = {isa = PBXFileReference; lastKnownFileType = sourcecode.swift; path = UserRepositoryViewController.swift; sourceTree = "<group>"; };
		B21509F5207667B30058C73A /* UserRepositoryViewController.xib */ = {isa = PBXFileReference; lastKnownFileType = file.xib; path = UserRepositoryViewController.xib; sourceTree = "<group>"; };
		B21509F720766A230058C73A /* UserRepositoryViewPresenter.swift */ = {isa = PBXFileReference; lastKnownFileType = sourcecode.swift; path = UserRepositoryViewPresenter.swift; sourceTree = "<group>"; };
		B21509F9207677CC0058C73A /* UserRepositoryViewDataSource.swift */ = {isa = PBXFileReference; lastKnownFileType = sourcecode.swift; path = UserRepositoryViewDataSource.swift; sourceTree = "<group>"; };
		B2AE7CA8207A43FE0084DAB0 /* SwiftIconFont.framework */ = {isa = PBXFileReference; lastKnownFileType = wrapper.framework; name = SwiftIconFont.framework; path = Carthage/Build/iOS/SwiftIconFont.framework; sourceTree = "<group>"; };
		B2AE7CA9207A43FE0084DAB0 /* Nuke.framework */ = {isa = PBXFileReference; lastKnownFileType = wrapper.framework; name = Nuke.framework; path = Carthage/Build/iOS/Nuke.framework; sourceTree = "<group>"; };
		B2AE7CAA207A43FE0084DAB0 /* RxSwift.framework */ = {isa = PBXFileReference; lastKnownFileType = wrapper.framework; name = RxSwift.framework; path = Carthage/Build/iOS/RxSwift.framework; sourceTree = "<group>"; };
		B2AE7CAE207A45150084DAB0 /* Xcode.app */ = {isa = PBXFileReference; lastKnownFileType = wrapper.application; name = Xcode.app; path = ../../../../Applications/Xcode.app; sourceTree = "<group>"; };
		B2AE7CB0207A453B0084DAB0 /* SafariServices.framework */ = {isa = PBXFileReference; lastKnownFileType = wrapper.framework; name = SafariServices.framework; path = System/Library/Frameworks/SafariServices.framework; sourceTree = SDKROOT; };
		B2F3AB98207A529F00AFC4B0 /* MVVM.app */ = {isa = PBXFileReference; explicitFileType = wrapper.application; includeInIndex = 0; path = MVVM.app; sourceTree = BUILT_PRODUCTS_DIR; };
		B2F3AB9A207A52A000AFC4B0 /* AppDelegate.swift */ = {isa = PBXFileReference; lastKnownFileType = sourcecode.swift; path = AppDelegate.swift; sourceTree = "<group>"; };
		B2F3AB9F207A52A000AFC4B0 /* Base */ = {isa = PBXFileReference; lastKnownFileType = file.storyboard; name = Base; path = Base.lproj/Main.storyboard; sourceTree = "<group>"; };
		B2F3ABA1207A52A100AFC4B0 /* Assets.xcassets */ = {isa = PBXFileReference; lastKnownFileType = folder.assetcatalog; path = Assets.xcassets; sourceTree = "<group>"; };
		B2F3ABA4207A52A100AFC4B0 /* Base */ = {isa = PBXFileReference; lastKnownFileType = file.storyboard; name = Base; path = Base.lproj/LaunchScreen.storyboard; sourceTree = "<group>"; };
		B2F3ABA6207A52A100AFC4B0 /* Info.plist */ = {isa = PBXFileReference; lastKnownFileType = text.plist.xml; path = Info.plist; sourceTree = "<group>"; };
		B2F3ABB8207A546D00AFC4B0 /* APISession+extension.swift */ = {isa = PBXFileReference; lastKnownFileType = sourcecode.swift; path = "APISession+extension.swift"; sourceTree = "<group>"; };
		B2F3ABBA207A552200AFC4B0 /* NSObjectProtocol+extension.swift */ = {isa = PBXFileReference; lastKnownFileType = sourcecode.swift; path = "NSObjectProtocol+extension.swift"; sourceTree = "<group>"; };
		B2F3ABBC207A554700AFC4B0 /* UIKeyboardInfo.swift */ = {isa = PBXFileReference; lastKnownFileType = sourcecode.swift; path = UIKeyboardInfo.swift; sourceTree = "<group>"; };
		B2F3ABBE207A555D00AFC4B0 /* UIKeyboardWillHide.swift */ = {isa = PBXFileReference; lastKnownFileType = sourcecode.swift; path = UIKeyboardWillHide.swift; sourceTree = "<group>"; };
		B2F3ABC0207A557400AFC4B0 /* UIKeyboardWillShow.swift */ = {isa = PBXFileReference; lastKnownFileType = sourcecode.swift; path = UIKeyboardWillShow.swift; sourceTree = "<group>"; };
/* End PBXFileReference section */

/* Begin PBXFrameworksBuildPhase section */
		B2150994206F83E00058C73A /* Frameworks */ = {
			isa = PBXFrameworksBuildPhase;
			buildActionMask = 2147483647;
			files = (
			);
			runOnlyForDeploymentPostprocessing = 0;
		};
		B21509AD206F83EB0058C73A /* Frameworks */ = {
			isa = PBXFrameworksBuildPhase;
			buildActionMask = 2147483647;
			files = (
				B2AE7CB1207A453B0084DAB0 /* SafariServices.framework in Frameworks */,
				B2AE7CAB207A43FE0084DAB0 /* SwiftIconFont.framework in Frameworks */,
				B2AE7CAC207A43FE0084DAB0 /* Nuke.framework in Frameworks */,
				B2AE7CAD207A43FE0084DAB0 /* RxSwift.framework in Frameworks */,
				B21509C5206F888C0058C73A /* GithubKit.framework in Frameworks */,
				B21509C6206F888C0058C73A /* NoticeObserveKit.framework in Frameworks */,
			);
			runOnlyForDeploymentPostprocessing = 0;
		};
		B2F3AB95207A529F00AFC4B0 /* Frameworks */ = {
			isa = PBXFrameworksBuildPhase;
			buildActionMask = 2147483647;
			files = (
				B2F3ABAF207A52C600AFC4B0 /* SafariServices.framework in Frameworks */,
				B2F3ABAA207A52BB00AFC4B0 /* GithubKit.framework in Frameworks */,
				B2F3ABAB207A52BB00AFC4B0 /* NoticeObserveKit.framework in Frameworks */,
				B2F3ABAC207A52BB00AFC4B0 /* Nuke.framework in Frameworks */,
				B2F3ABAD207A52BB00AFC4B0 /* RxSwift.framework in Frameworks */,
				B2F3ABAE207A52BB00AFC4B0 /* SwiftIconFont.framework in Frameworks */,
			);
			runOnlyForDeploymentPostprocessing = 0;
		};
/* End PBXFrameworksBuildPhase section */

/* Begin PBXGroup section */
		B215098E206F83E00058C73A = {
			isa = PBXGroup;
			children = (
				B2150999206F83E00058C73A /* iOS-DesignPattrn-Prac */,
				B21509B1206F83EB0058C73A /* MVP */,
				B2F3AB99207A529F00AFC4B0 /* MVVM */,
				B2150998206F83E00058C73A /* Products */,
				B21509C2206F888C0058C73A /* Frameworks */,
			);
			sourceTree = "<group>";
		};
		B2150998206F83E00058C73A /* Products */ = {
			isa = PBXGroup;
			children = (
				B2150997206F83E00058C73A /* iOS-DesignPattrn-Prac.app */,
				B21509B0206F83EB0058C73A /* MVP.app */,
				B2F3AB98207A529F00AFC4B0 /* MVVM.app */,
			);
			name = Products;
			sourceTree = "<group>";
		};
		B2150999206F83E00058C73A /* iOS-DesignPattrn-Prac */ = {
			isa = PBXGroup;
			children = (
				B215099A206F83E00058C73A /* AppDelegate.swift */,
				B215099C206F83E00058C73A /* ViewController.swift */,
				B215099E206F83E00058C73A /* Main.storyboard */,
				B21509A1206F83E00058C73A /* Assets.xcassets */,
				B21509A3206F83E00058C73A /* LaunchScreen.storyboard */,
				B21509A6206F83E00058C73A /* Info.plist */,
			);
			path = "iOS-DesignPattrn-Prac";
			sourceTree = "<group>";
		};
		B21509B1206F83EB0058C73A /* MVP */ = {
			isa = PBXGroup;
			children = (
				B21509C8206F8AAD0058C73A /* Resources */,
				B21509C9206F8AD30058C73A /* Sources */,
			);
			path = MVP;
			sourceTree = "<group>";
		};
		B21509C2206F888C0058C73A /* Frameworks */ = {
			isa = PBXGroup;
			children = (
				B2AE7CB0207A453B0084DAB0 /* SafariServices.framework */,
				B2AE7CAE207A45150084DAB0 /* Xcode.app */,
				B2AE7CA9207A43FE0084DAB0 /* Nuke.framework */,
				B2AE7CAA207A43FE0084DAB0 /* RxSwift.framework */,
				B2AE7CA8207A43FE0084DAB0 /* SwiftIconFont.framework */,
				B21509C3206F888C0058C73A /* GithubKit.framework */,
				B21509C4206F888C0058C73A /* NoticeObserveKit.framework */,
			);
			name = Frameworks;
			sourceTree = "<group>";
		};
		B21509C8206F8AAD0058C73A /* Resources */ = {
			isa = PBXGroup;
			children = (
				B21509B9206F83EB0058C73A /* Assets.xcassets */,
				B21509BB206F83EB0058C73A /* LaunchScreen.storyboard */,
				B21509BE206F83EB0058C73A /* Info.plist */,
			);
			path = Resources;
			sourceTree = "<group>";
		};
		B21509C9206F8AD30058C73A /* Sources */ = {
			isa = PBXGroup;
			children = (
				B21509CA206F8B000058C73A /* Common */,
				B21509CB206F8B070058C73A /* UI */,
			);
			path = Sources;
			sourceTree = "<group>";
		};
		B21509CA206F8B000058C73A /* Common */ = {
			isa = PBXGroup;
			children = (
				B21509B2206F83EB0058C73A /* AppDelegate.swift */,
				B21509E22070A7920058C73A /* NotieObserver */,
				B21509D8206FF4AB0058C73A /* Extension */,
			);
			path = Common;
			sourceTree = "<group>";
		};
		B21509CB206F8B070058C73A /* UI */ = {
			isa = PBXGroup;
			children = (
				B21509EB207201610058C73A /* Common */,
				B21509DD2070A3850058C73A /* Search */,
				B21509CC206F927F0058C73A /* Favorite */,
				B21509D3206FE6710058C73A /* Repository */,
				B21509F0207298CF0058C73A /* UserRepository */,
				B21509B6206F83EB0058C73A /* Main.storyboard */,
			);
			path = UI;
			sourceTree = "<group>";
		};
		B21509CC206F927F0058C73A /* Favorite */ = {
			isa = PBXGroup;
			children = (
				B21509CD206F92A80058C73A /* FavoriteViewController.swift */,
				B21509CF206F92B80058C73A /* FavoriteViewPresenter.swift */,
				B21509D1206F92C80058C73A /* FavoriteViewDataSource.swift */,
			);
			path = Favorite;
			sourceTree = "<group>";
		};
		B21509D3206FE6710058C73A /* Repository */ = {
			isa = PBXGroup;
			children = (
				B21509D4206FE6960058C73A /* RepositoryViewController.swift */,
				B21509D6206FE6A70058C73A /* RepositoryViewPresenter.swift */,
			);
			path = Repository;
			sourceTree = "<group>";
		};
		B21509D8206FF4AB0058C73A /* Extension */ = {
			isa = PBXGroup;
			children = (
				B21509D9206FF4D20058C73A /* APISession+extension.swift */,
				B21509DB206FF56C0058C73A /* NSObjectProtocol+extension.swift */,
			);
			path = Extension;
			sourceTree = "<group>";
		};
		B21509DD2070A3850058C73A /* Search */ = {
			isa = PBXGroup;
			children = (
				B21509DE2070A3B80058C73A /* SearchViewController.swift */,
				B21509E02070A3CC0058C73A /* SearchViewPresenter.swift */,
				B21509E92070B2120058C73A /* SearchViewDataSource.swift */,
			);
			path = Search;
			sourceTree = "<group>";
		};
		B21509E22070A7920058C73A /* NotieObserver */ = {
			isa = PBXGroup;
			children = (
				B21509E32070A7A40058C73A /* UIKeyboardInfo.swift */,
				B21509E52070A7D70058C73A /* UIKeyboardWillHide.swift */,
				B21509E72070A7EC0058C73A /* UIKeyboardWillShow.swift */,
			);
			path = NotieObserver;
			sourceTree = "<group>";
		};
		B21509EB207201610058C73A /* Common */ = {
			isa = PBXGroup;
			children = (
				B21509EC207201E80058C73A /* LoadingView.xib */,
				B21509EE207202390058C73A /* LoadingView.swift */,
			);
			path = Common;
			sourceTree = "<group>";
		};
		B21509F0207298CF0058C73A /* UserRepository */ = {
			isa = PBXGroup;
			children = (
				B21509F1207299000058C73A /* UserRepositoryViewController.swift */,
				B21509F720766A230058C73A /* UserRepositoryViewPresenter.swift */,
				B21509F9207677CC0058C73A /* UserRepositoryViewDataSource.swift */,
				B21509F5207667B30058C73A /* UserRepositoryViewController.xib */,
			);
			path = UserRepository;
			sourceTree = "<group>";
		};
		B2F3AB99207A529F00AFC4B0 /* MVVM */ = {
			isa = PBXGroup;
			children = (
				B2F3ABB1207A536C00AFC4B0 /* Resources */,
				B2F3ABB2207A537900AFC4B0 /* Sources */,
			);
			path = MVVM;
			sourceTree = "<group>";
		};
		B2F3ABB1207A536C00AFC4B0 /* Resources */ = {
			isa = PBXGroup;
			children = (
				B2F3ABA1207A52A100AFC4B0 /* Assets.xcassets */,
				B2F3ABA3207A52A100AFC4B0 /* LaunchScreen.storyboard */,
				B2F3ABA6207A52A100AFC4B0 /* Info.plist */,
			);
			path = Resources;
			sourceTree = "<group>";
		};
		B2F3ABB2207A537900AFC4B0 /* Sources */ = {
			isa = PBXGroup;
			children = (
				B2F3ABB4207A53D700AFC4B0 /* Common */,
				B2F3ABB5207A53DD00AFC4B0 /* UI */,
			);
			path = Sources;
			sourceTree = "<group>";
		};
		B2F3ABB4207A53D700AFC4B0 /* Common */ = {
			isa = PBXGroup;
			children = (
				B2F3AB9A207A52A000AFC4B0 /* AppDelegate.swift */,
				B2F3ABB7207A541300AFC4B0 /* Extension */,
				B2F3ABB6207A540B00AFC4B0 /* NotieObserver */,
			);
			path = Common;
			sourceTree = "<group>";
		};
		B2F3ABB5207A53DD00AFC4B0 /* UI */ = {
			isa = PBXGroup;
			children = (
				B2F3AB9E207A52A000AFC4B0 /* Main.storyboard */,
			);
			path = UI;
			sourceTree = "<group>";
		};
		B2F3ABB6207A540B00AFC4B0 /* NotieObserver */ = {
			isa = PBXGroup;
			children = (
				B2F3ABBC207A554700AFC4B0 /* UIKeyboardInfo.swift */,
				B2F3ABBE207A555D00AFC4B0 /* UIKeyboardWillHide.swift */,
				B2F3ABC0207A557400AFC4B0 /* UIKeyboardWillShow.swift */,
			);
			path = NotieObserver;
			sourceTree = "<group>";
		};
		B2F3ABB7207A541300AFC4B0 /* Extension */ = {
			isa = PBXGroup;
			children = (
				B2F3ABB8207A546D00AFC4B0 /* APISession+extension.swift */,
				B2F3ABBA207A552200AFC4B0 /* NSObjectProtocol+extension.swift */,
			);
			path = Extension;
			sourceTree = "<group>";
		};
/* End PBXGroup section */

/* Begin PBXNativeTarget section */
		B2150996206F83E00058C73A /* iOS-DesignPattrn-Prac */ = {
			isa = PBXNativeTarget;
			buildConfigurationList = B21509A9206F83E00058C73A /* Build configuration list for PBXNativeTarget "iOS-DesignPattrn-Prac" */;
			buildPhases = (
				B2150993206F83E00058C73A /* Sources */,
				B2150994206F83E00058C73A /* Frameworks */,
				B2150995206F83E00058C73A /* Resources */,
			);
			buildRules = (
			);
			dependencies = (
			);
			name = "iOS-DesignPattrn-Prac";
			productName = "iOS-DesignPattrn-Prac";
			productReference = B2150997206F83E00058C73A /* iOS-DesignPattrn-Prac.app */;
			productType = "com.apple.product-type.application";
		};
		B21509AF206F83EB0058C73A /* MVP */ = {
			isa = PBXNativeTarget;
			buildConfigurationList = B21509BF206F83EB0058C73A /* Build configuration list for PBXNativeTarget "MVP" */;
			buildPhases = (
				B21509AC206F83EB0058C73A /* Sources */,
				B21509AD206F83EB0058C73A /* Frameworks */,
				B21509AE206F83EB0058C73A /* Resources */,
				B21509C7206F88A90058C73A /* ShellScript */,
			);
			buildRules = (
			);
			dependencies = (
			);
			name = MVP;
			productName = MVP;
			productReference = B21509B0206F83EB0058C73A /* MVP.app */;
			productType = "com.apple.product-type.application";
		};
		B2F3AB97207A529F00AFC4B0 /* MVVM */ = {
			isa = PBXNativeTarget;
			buildConfigurationList = B2F3ABA9207A52A100AFC4B0 /* Build configuration list for PBXNativeTarget "MVVM" */;
			buildPhases = (
				B2F3AB94207A529F00AFC4B0 /* Sources */,
				B2F3AB95207A529F00AFC4B0 /* Frameworks */,
				B2F3AB96207A529F00AFC4B0 /* Resources */,
				B2F3ABB0207A52D000AFC4B0 /* ShellScript */,
			);
			buildRules = (
			);
			dependencies = (
			);
			name = MVVM;
			productName = MVVM;
			productReference = B2F3AB98207A529F00AFC4B0 /* MVVM.app */;
			productType = "com.apple.product-type.application";
		};
/* End PBXNativeTarget section */

/* Begin PBXProject section */
		B215098F206F83E00058C73A /* Project object */ = {
			isa = PBXProject;
			attributes = {
				LastSwiftUpdateCheck = 0930;
				LastUpgradeCheck = 0930;
				ORGANIZATIONNAME = "佐藤賢";
				TargetAttributes = {
					B2150996206F83E00058C73A = {
						CreatedOnToolsVersion = 9.2;
						ProvisioningStyle = Automatic;
					};
					B21509AF206F83EB0058C73A = {
						CreatedOnToolsVersion = 9.2;
						ProvisioningStyle = Automatic;
					};
					B2F3AB97207A529F00AFC4B0 = {
						CreatedOnToolsVersion = 9.3;
						ProvisioningStyle = Automatic;
					};
				};
			};
			buildConfigurationList = B2150992206F83E00058C73A /* Build configuration list for PBXProject "iOS-DesignPattrn-Prac" */;
			compatibilityVersion = "Xcode 8.0";
			developmentRegion = en;
			hasScannedForEncodings = 0;
			knownRegions = (
				en,
				Base,
			);
			mainGroup = B215098E206F83E00058C73A;
			productRefGroup = B2150998206F83E00058C73A /* Products */;
			projectDirPath = "";
			projectRoot = "";
			targets = (
				B2150996206F83E00058C73A /* iOS-DesignPattrn-Prac */,
				B21509AF206F83EB0058C73A /* MVP */,
				B2F3AB97207A529F00AFC4B0 /* MVVM */,
			);
		};
/* End PBXProject section */

/* Begin PBXResourcesBuildPhase section */
		B2150995206F83E00058C73A /* Resources */ = {
			isa = PBXResourcesBuildPhase;
			buildActionMask = 2147483647;
			files = (
				B21509A5206F83E00058C73A /* LaunchScreen.storyboard in Resources */,
				B21509A2206F83E00058C73A /* Assets.xcassets in Resources */,
				B21509A0206F83E00058C73A /* Main.storyboard in Resources */,
			);
			runOnlyForDeploymentPostprocessing = 0;
		};
		B21509AE206F83EB0058C73A /* Resources */ = {
			isa = PBXResourcesBuildPhase;
			buildActionMask = 2147483647;
			files = (
				B21509BD206F83EB0058C73A /* LaunchScreen.storyboard in Resources */,
				B21509ED207201E80058C73A /* LoadingView.xib in Resources */,
				B21509F6207667B30058C73A /* UserRepositoryViewController.xib in Resources */,
				B21509BA206F83EB0058C73A /* Assets.xcassets in Resources */,
				B21509B8206F83EB0058C73A /* Main.storyboard in Resources */,
			);
			runOnlyForDeploymentPostprocessing = 0;
		};
		B2F3AB96207A529F00AFC4B0 /* Resources */ = {
			isa = PBXResourcesBuildPhase;
			buildActionMask = 2147483647;
			files = (
				B2F3ABB3207A539B00AFC4B0 /* Info.plist in Resources */,
				B2F3ABA5207A52A100AFC4B0 /* LaunchScreen.storyboard in Resources */,
				B2F3ABA2207A52A100AFC4B0 /* Assets.xcassets in Resources */,
				B2F3ABA0207A52A000AFC4B0 /* Main.storyboard in Resources */,
			);
			runOnlyForDeploymentPostprocessing = 0;
		};
/* End PBXResourcesBuildPhase section */

/* Begin PBXShellScriptBuildPhase section */
		B21509C7206F88A90058C73A /* ShellScript */ = {
			isa = PBXShellScriptBuildPhase;
			buildActionMask = 2147483647;
			files = (
			);
			inputPaths = (
				"$(SRCROOT)/Carthage/Build/iOS/GithubKit.framework",
				"$(SRCROOT)/Carthage/Build/iOS/NoticeObserveKit.framework",
				"$(SRCROOT)/Carthage/Build/iOS/Nuke.framework",
				"$(SRCROOT)/Carthage/Build/iOS/RxSwift.framework",
				"$(SRCROOT)/Carthage/Build/iOS/SwiftIconFont.framework",
			);
			outputPaths = (
			);
			runOnlyForDeploymentPostprocessing = 0;
			shellPath = /bin/sh;
			shellScript = "/usr/local/bin/carthage copy-frameworks";
		};
		B2F3ABB0207A52D000AFC4B0 /* ShellScript */ = {
			isa = PBXShellScriptBuildPhase;
			buildActionMask = 2147483647;
			files = (
			);
			inputPaths = (
				"$(SRCROOT)/Carthage/Build/iOS/GithubKit.framework",
				"$(SRCROOT)/Carthage/Build/iOS/NoticeObserveKit.framework",
				"$(SRCROOT)/Carthage/Build/iOS/Nuke.framework",
				"$(SRCROOT)/Carthage/Build/iOS/RxSwift.framework",
				"$(SRCROOT)/Carthage/Build/iOS/SwiftIconFont.framework",
			);
			outputPaths = (
			);
			runOnlyForDeploymentPostprocessing = 0;
			shellPath = /bin/sh;
			shellScript = "/usr/local/bin/carthage copy-frameworks";
		};
/* End PBXShellScriptBuildPhase section */

/* Begin PBXSourcesBuildPhase section */
		B2150993206F83E00058C73A /* Sources */ = {
			isa = PBXSourcesBuildPhase;
			buildActionMask = 2147483647;
			files = (
				B215099D206F83E00058C73A /* ViewController.swift in Sources */,
				B215099B206F83E00058C73A /* AppDelegate.swift in Sources */,
			);
			runOnlyForDeploymentPostprocessing = 0;
		};
		B21509AC206F83EB0058C73A /* Sources */ = {
			isa = PBXSourcesBuildPhase;
			buildActionMask = 2147483647;
			files = (
				B21509E62070A7D70058C73A /* UIKeyboardWillHide.swift in Sources */,
				B21509EA2070B2120058C73A /* SearchViewDataSource.swift in Sources */,
				B21509CE206F92A80058C73A /* FavoriteViewController.swift in Sources */,
				B21509DA206FF4D20058C73A /* APISession+extension.swift in Sources */,
				B21509E42070A7A40058C73A /* UIKeyboardInfo.swift in Sources */,
				B21509DC206FF56C0058C73A /* NSObjectProtocol+extension.swift in Sources */,
				B21509DF2070A3B90058C73A /* SearchViewController.swift in Sources */,
				B21509F2207299000058C73A /* UserRepositoryViewController.swift in Sources */,
				B21509D7206FE6A70058C73A /* RepositoryViewPresenter.swift in Sources */,
				B21509EF207202390058C73A /* LoadingView.swift in Sources */,
				B21509E12070A3CC0058C73A /* SearchViewPresenter.swift in Sources */,
				B21509D2206F92C80058C73A /* FavoriteViewDataSource.swift in Sources */,
				B21509D0206F92B80058C73A /* FavoriteViewPresenter.swift in Sources */,
				B21509B3206F83EB0058C73A /* AppDelegate.swift in Sources */,
				B21509E82070A7EC0058C73A /* UIKeyboardWillShow.swift in Sources */,
				B21509F820766A230058C73A /* UserRepositoryViewPresenter.swift in Sources */,
				B21509FA207677CC0058C73A /* UserRepositoryViewDataSource.swift in Sources */,
				B21509D5206FE6960058C73A /* RepositoryViewController.swift in Sources */,
			);
			runOnlyForDeploymentPostprocessing = 0;
		};
		B2F3AB94207A529F00AFC4B0 /* Sources */ = {
			isa = PBXSourcesBuildPhase;
			buildActionMask = 2147483647;
			files = (
				B2F3AB9B207A52A000AFC4B0 /* AppDelegate.swift in Sources */,
				B2F3ABC1207A557400AFC4B0 /* UIKeyboardWillShow.swift in Sources */,
				B2F3ABBB207A552200AFC4B0 /* NSObjectProtocol+extension.swift in Sources */,
				B2F3ABBF207A555D00AFC4B0 /* UIKeyboardWillHide.swift in Sources */,
				B2F3ABBD207A554700AFC4B0 /* UIKeyboardInfo.swift in Sources */,
				B2F3ABB9207A546D00AFC4B0 /* APISession+extension.swift in Sources */,
			);
			runOnlyForDeploymentPostprocessing = 0;
		};
/* End PBXSourcesBuildPhase section */

/* Begin PBXVariantGroup section */
		B215099E206F83E00058C73A /* Main.storyboard */ = {
			isa = PBXVariantGroup;
			children = (
				B215099F206F83E00058C73A /* Base */,
			);
			name = Main.storyboard;
			sourceTree = "<group>";
		};
		B21509A3206F83E00058C73A /* LaunchScreen.storyboard */ = {
			isa = PBXVariantGroup;
			children = (
				B21509A4206F83E00058C73A /* Base */,
			);
			name = LaunchScreen.storyboard;
			sourceTree = "<group>";
		};
		B21509B6206F83EB0058C73A /* Main.storyboard */ = {
			isa = PBXVariantGroup;
			children = (
				B21509B7206F83EB0058C73A /* Base */,
			);
			name = Main.storyboard;
			sourceTree = "<group>";
		};
		B21509BB206F83EB0058C73A /* LaunchScreen.storyboard */ = {
			isa = PBXVariantGroup;
			children = (
				B21509BC206F83EB0058C73A /* Base */,
			);
			name = LaunchScreen.storyboard;
			sourceTree = "<group>";
		};
		B2F3AB9E207A52A000AFC4B0 /* Main.storyboard */ = {
			isa = PBXVariantGroup;
			children = (
				B2F3AB9F207A52A000AFC4B0 /* Base */,
			);
			name = Main.storyboard;
			sourceTree = "<group>";
		};
		B2F3ABA3207A52A100AFC4B0 /* LaunchScreen.storyboard */ = {
			isa = PBXVariantGroup;
			children = (
				B2F3ABA4207A52A100AFC4B0 /* Base */,
			);
			name = LaunchScreen.storyboard;
			sourceTree = "<group>";
		};
/* End PBXVariantGroup section */

/* Begin XCBuildConfiguration section */
		B21509A7206F83E00058C73A /* Debug */ = {
			isa = XCBuildConfiguration;
			buildSettings = {
				ALWAYS_SEARCH_USER_PATHS = NO;
				CLANG_ANALYZER_NONNULL = YES;
				CLANG_ANALYZER_NUMBER_OBJECT_CONVERSION = YES_AGGRESSIVE;
				CLANG_CXX_LANGUAGE_STANDARD = "gnu++14";
				CLANG_CXX_LIBRARY = "libc++";
				CLANG_ENABLE_MODULES = YES;
				CLANG_ENABLE_OBJC_ARC = YES;
				CLANG_WARN_BLOCK_CAPTURE_AUTORELEASING = YES;
				CLANG_WARN_BOOL_CONVERSION = YES;
				CLANG_WARN_COMMA = YES;
				CLANG_WARN_CONSTANT_CONVERSION = YES;
				CLANG_WARN_DEPRECATED_OBJC_IMPLEMENTATIONS = YES;
				CLANG_WARN_DIRECT_OBJC_ISA_USAGE = YES_ERROR;
				CLANG_WARN_DOCUMENTATION_COMMENTS = YES;
				CLANG_WARN_EMPTY_BODY = YES;
				CLANG_WARN_ENUM_CONVERSION = YES;
				CLANG_WARN_INFINITE_RECURSION = YES;
				CLANG_WARN_INT_CONVERSION = YES;
				CLANG_WARN_NON_LITERAL_NULL_CONVERSION = YES;
				CLANG_WARN_OBJC_IMPLICIT_RETAIN_SELF = YES;
				CLANG_WARN_OBJC_LITERAL_CONVERSION = YES;
				CLANG_WARN_OBJC_ROOT_CLASS = YES_ERROR;
				CLANG_WARN_RANGE_LOOP_ANALYSIS = YES;
				CLANG_WARN_STRICT_PROTOTYPES = YES;
				CLANG_WARN_SUSPICIOUS_MOVE = YES;
				CLANG_WARN_UNGUARDED_AVAILABILITY = YES_AGGRESSIVE;
				CLANG_WARN_UNREACHABLE_CODE = YES;
				CLANG_WARN__DUPLICATE_METHOD_MATCH = YES;
				CODE_SIGN_IDENTITY = "iPhone Developer";
				COPY_PHASE_STRIP = NO;
				DEBUG_INFORMATION_FORMAT = dwarf;
				ENABLE_STRICT_OBJC_MSGSEND = YES;
				ENABLE_TESTABILITY = YES;
				GCC_C_LANGUAGE_STANDARD = gnu11;
				GCC_DYNAMIC_NO_PIC = NO;
				GCC_NO_COMMON_BLOCKS = YES;
				GCC_OPTIMIZATION_LEVEL = 0;
				GCC_PREPROCESSOR_DEFINITIONS = (
					"DEBUG=1",
					"$(inherited)",
				);
				GCC_WARN_64_TO_32_BIT_CONVERSION = YES;
				GCC_WARN_ABOUT_RETURN_TYPE = YES_ERROR;
				GCC_WARN_UNDECLARED_SELECTOR = YES;
				GCC_WARN_UNINITIALIZED_AUTOS = YES_AGGRESSIVE;
				GCC_WARN_UNUSED_FUNCTION = YES;
				GCC_WARN_UNUSED_VARIABLE = YES;
				IPHONEOS_DEPLOYMENT_TARGET = 11.2;
				MTL_ENABLE_DEBUG_INFO = YES;
				ONLY_ACTIVE_ARCH = YES;
				SDKROOT = iphoneos;
				SWIFT_ACTIVE_COMPILATION_CONDITIONS = DEBUG;
				SWIFT_OPTIMIZATION_LEVEL = "-Onone";
			};
			name = Debug;
		};
		B21509A8206F83E00058C73A /* Release */ = {
			isa = XCBuildConfiguration;
			buildSettings = {
				ALWAYS_SEARCH_USER_PATHS = NO;
				CLANG_ANALYZER_NONNULL = YES;
				CLANG_ANALYZER_NUMBER_OBJECT_CONVERSION = YES_AGGRESSIVE;
				CLANG_CXX_LANGUAGE_STANDARD = "gnu++14";
				CLANG_CXX_LIBRARY = "libc++";
				CLANG_ENABLE_MODULES = YES;
				CLANG_ENABLE_OBJC_ARC = YES;
				CLANG_WARN_BLOCK_CAPTURE_AUTORELEASING = YES;
				CLANG_WARN_BOOL_CONVERSION = YES;
				CLANG_WARN_COMMA = YES;
				CLANG_WARN_CONSTANT_CONVERSION = YES;
				CLANG_WARN_DEPRECATED_OBJC_IMPLEMENTATIONS = YES;
				CLANG_WARN_DIRECT_OBJC_ISA_USAGE = YES_ERROR;
				CLANG_WARN_DOCUMENTATION_COMMENTS = YES;
				CLANG_WARN_EMPTY_BODY = YES;
				CLANG_WARN_ENUM_CONVERSION = YES;
				CLANG_WARN_INFINITE_RECURSION = YES;
				CLANG_WARN_INT_CONVERSION = YES;
				CLANG_WARN_NON_LITERAL_NULL_CONVERSION = YES;
				CLANG_WARN_OBJC_IMPLICIT_RETAIN_SELF = YES;
				CLANG_WARN_OBJC_LITERAL_CONVERSION = YES;
				CLANG_WARN_OBJC_ROOT_CLASS = YES_ERROR;
				CLANG_WARN_RANGE_LOOP_ANALYSIS = YES;
				CLANG_WARN_STRICT_PROTOTYPES = YES;
				CLANG_WARN_SUSPICIOUS_MOVE = YES;
				CLANG_WARN_UNGUARDED_AVAILABILITY = YES_AGGRESSIVE;
				CLANG_WARN_UNREACHABLE_CODE = YES;
				CLANG_WARN__DUPLICATE_METHOD_MATCH = YES;
				CODE_SIGN_IDENTITY = "iPhone Developer";
				COPY_PHASE_STRIP = NO;
				DEBUG_INFORMATION_FORMAT = "dwarf-with-dsym";
				ENABLE_NS_ASSERTIONS = NO;
				ENABLE_STRICT_OBJC_MSGSEND = YES;
				GCC_C_LANGUAGE_STANDARD = gnu11;
				GCC_NO_COMMON_BLOCKS = YES;
				GCC_WARN_64_TO_32_BIT_CONVERSION = YES;
				GCC_WARN_ABOUT_RETURN_TYPE = YES_ERROR;
				GCC_WARN_UNDECLARED_SELECTOR = YES;
				GCC_WARN_UNINITIALIZED_AUTOS = YES_AGGRESSIVE;
				GCC_WARN_UNUSED_FUNCTION = YES;
				GCC_WARN_UNUSED_VARIABLE = YES;
				IPHONEOS_DEPLOYMENT_TARGET = 11.2;
				MTL_ENABLE_DEBUG_INFO = NO;
				SDKROOT = iphoneos;
				SWIFT_OPTIMIZATION_LEVEL = "-Owholemodule";
				VALIDATE_PRODUCT = YES;
			};
			name = Release;
		};
		B21509AA206F83E00058C73A /* Debug */ = {
			isa = XCBuildConfiguration;
			buildSettings = {
				ASSETCATALOG_COMPILER_APPICON_NAME = AppIcon;
				CODE_SIGN_STYLE = Automatic;
				DEVELOPMENT_TEAM = JL94BNBL3S;
				INFOPLIST_FILE = "iOS-DesignPattrn-Prac/Info.plist";
				LD_RUNPATH_SEARCH_PATHS = "$(inherited) @executable_path/Frameworks";
				PRODUCT_BUNDLE_IDENTIFIER = "ken.iOS-DesignPattrn-Prac";
				PRODUCT_NAME = "$(TARGET_NAME)";
				SWIFT_VERSION = 4.0;
				TARGETED_DEVICE_FAMILY = "1,2";
			};
			name = Debug;
		};
		B21509AB206F83E00058C73A /* Release */ = {
			isa = XCBuildConfiguration;
			buildSettings = {
				ASSETCATALOG_COMPILER_APPICON_NAME = AppIcon;
				CODE_SIGN_STYLE = Automatic;
				DEVELOPMENT_TEAM = JL94BNBL3S;
				INFOPLIST_FILE = "iOS-DesignPattrn-Prac/Info.plist";
				LD_RUNPATH_SEARCH_PATHS = "$(inherited) @executable_path/Frameworks";
				PRODUCT_BUNDLE_IDENTIFIER = "ken.iOS-DesignPattrn-Prac";
				PRODUCT_NAME = "$(TARGET_NAME)";
				SWIFT_VERSION = 4.0;
				TARGETED_DEVICE_FAMILY = "1,2";
			};
			name = Release;
		};
		B21509C0206F83EB0058C73A /* Debug */ = {
			isa = XCBuildConfiguration;
			buildSettings = {
				ASSETCATALOG_COMPILER_APPICON_NAME = AppIcon;
				CODE_SIGN_STYLE = Automatic;
				DEVELOPMENT_TEAM = JL94BNBL3S;
				FRAMEWORK_SEARCH_PATHS = (
					"$(inherited)",
					"$(PROJECT_DIR)/Carthage/Build/iOS",
				);
				INFOPLIST_FILE = MVP/Resources/Info.plist;
				LD_RUNPATH_SEARCH_PATHS = "$(inherited) @executable_path/Frameworks";
				PRODUCT_BUNDLE_IDENTIFIER = ken.MVP;
				PRODUCT_NAME = "$(TARGET_NAME)";
				SWIFT_VERSION = 4.0;
				TARGETED_DEVICE_FAMILY = "1,2";
			};
			name = Debug;
		};
		B21509C1206F83EB0058C73A /* Release */ = {
			isa = XCBuildConfiguration;
			buildSettings = {
				ASSETCATALOG_COMPILER_APPICON_NAME = AppIcon;
				CODE_SIGN_STYLE = Automatic;
				DEVELOPMENT_TEAM = JL94BNBL3S;
				FRAMEWORK_SEARCH_PATHS = (
					"$(inherited)",
					"$(PROJECT_DIR)/Carthage/Build/iOS",
				);
				INFOPLIST_FILE = MVP/Resources/Info.plist;
				LD_RUNPATH_SEARCH_PATHS = "$(inherited) @executable_path/Frameworks";
				PRODUCT_BUNDLE_IDENTIFIER = ken.MVP;
				PRODUCT_NAME = "$(TARGET_NAME)";
				SWIFT_VERSION = 4.0;
				TARGETED_DEVICE_FAMILY = "1,2";
			};
			name = Release;
		};
		B2F3ABA7207A52A100AFC4B0 /* Debug */ = {
			isa = XCBuildConfiguration;
			buildSettings = {
				ASSETCATALOG_COMPILER_APPICON_NAME = AppIcon;
				CLANG_ENABLE_OBJC_WEAK = YES;
				CODE_SIGN_STYLE = Automatic;
				DEVELOPMENT_TEAM = JL94BNBL3S;
				FRAMEWORK_SEARCH_PATHS = (
					"$(inherited)",
					"$(PROJECT_DIR)/Carthage/Build/iOS",
				);
				INFOPLIST_FILE = MVVM/Info.plist;
				IPHONEOS_DEPLOYMENT_TARGET = 11.3;
				LD_RUNPATH_SEARCH_PATHS = "$(inherited) @executable_path/Frameworks";
				PRODUCT_BUNDLE_IDENTIFIER = ken.MVVM;
				PRODUCT_NAME = "$(TARGET_NAME)";
				SWIFT_VERSION = 4.0;
				TARGETED_DEVICE_FAMILY = "1,2";
			};
			name = Debug;
		};
		B2F3ABA8207A52A100AFC4B0 /* Release */ = {
			isa = XCBuildConfiguration;
			buildSettings = {
				ASSETCATALOG_COMPILER_APPICON_NAME = AppIcon;
				CLANG_ENABLE_OBJC_WEAK = YES;
				CODE_SIGN_STYLE = Automatic;
				DEVELOPMENT_TEAM = JL94BNBL3S;
				FRAMEWORK_SEARCH_PATHS = (
					"$(inherited)",
					"$(PROJECT_DIR)/Carthage/Build/iOS",
				);
				INFOPLIST_FILE = MVVM/Info.plist;
				IPHONEOS_DEPLOYMENT_TARGET = 11.3;
				LD_RUNPATH_SEARCH_PATHS = "$(inherited) @executable_path/Frameworks";
				PRODUCT_BUNDLE_IDENTIFIER = ken.MVVM;
				PRODUCT_NAME = "$(TARGET_NAME)";
				SWIFT_VERSION = 4.0;
				TARGETED_DEVICE_FAMILY = "1,2";
			};
			name = Release;
		};
/* End XCBuildConfiguration section */

/* Begin XCConfigurationList section */
		B2150992206F83E00058C73A /* Build configuration list for PBXProject "iOS-DesignPattrn-Prac" */ = {
			isa = XCConfigurationList;
			buildConfigurations = (
				B21509A7206F83E00058C73A /* Debug */,
				B21509A8206F83E00058C73A /* Release */,
			);
			defaultConfigurationIsVisible = 0;
			defaultConfigurationName = Release;
		};
		B21509A9206F83E00058C73A /* Build configuration list for PBXNativeTarget "iOS-DesignPattrn-Prac" */ = {
			isa = XCConfigurationList;
			buildConfigurations = (
				B21509AA206F83E00058C73A /* Debug */,
				B21509AB206F83E00058C73A /* Release */,
			);
			defaultConfigurationIsVisible = 0;
			defaultConfigurationName = Release;
		};
		B21509BF206F83EB0058C73A /* Build configuration list for PBXNativeTarget "MVP" */ = {
			isa = XCConfigurationList;
			buildConfigurations = (
				B21509C0206F83EB0058C73A /* Debug */,
				B21509C1206F83EB0058C73A /* Release */,
			);
			defaultConfigurationIsVisible = 0;
			defaultConfigurationName = Release;
		};
		B2F3ABA9207A52A100AFC4B0 /* Build configuration list for PBXNativeTarget "MVVM" */ = {
			isa = XCConfigurationList;
			buildConfigurations = (
				B2F3ABA7207A52A100AFC4B0 /* Debug */,
				B2F3ABA8207A52A100AFC4B0 /* Release */,
			);
			defaultConfigurationIsVisible = 0;
			defaultConfigurationName = Release;
		};
/* End XCConfigurationList section */
	};
	rootObject = B215098F206F83E00058C73A /* Project object */;
}
